// !$*UTF8*$!
{
	archiveVersion = 1;
	classes = {
	};
	objectVersion = 46;
	objects = {

/* Begin PBXBuildFile section */
		770B6FB514E004880092DAEC /* UIKit.framework in Frameworks */ = {isa = PBXBuildFile; fileRef = 770B6FB414E004880092DAEC /* UIKit.framework */; };
		770B6FB714E004880092DAEC /* Foundation.framework in Frameworks */ = {isa = PBXBuildFile; fileRef = 770B6FB614E004880092DAEC /* Foundation.framework */; };
		770B6FBF14E004880092DAEC /* InfoPlist.strings in Resources */ = {isa = PBXBuildFile; fileRef = 770B6FBD14E004880092DAEC /* InfoPlist.strings */; };
		770B6FC114E004880092DAEC /* main.m in Sources */ = {isa = PBXBuildFile; fileRef = 770B6FC014E004880092DAEC /* main.m */; };
		770B6FC514E004880092DAEC /* CTAppDelegate.m in Sources */ = {isa = PBXBuildFile; fileRef = 770B6FC414E004880092DAEC /* CTAppDelegate.m */; };
		770B6FC814E004880092DAEC /* Main.storyboard in Resources */ = {isa = PBXBuildFile; fileRef = 770B6FC614E004880092DAEC /* Main.storyboard */; };
		7713A3FB162470DD0033C735 /* dywapitchtrack.c in Sources */ = {isa = PBXBuildFile; fileRef = 7713A3F9162470DD0033C735 /* dywapitchtrack.c */; settings = {COMPILER_FLAGS = "-w"; }; };
		7713A3FD162471EF0033C735 /* Accelerate.framework in Frameworks */ = {isa = PBXBuildFile; fileRef = 7713A3FC162471EF0033C735 /* Accelerate.framework */; };
		77531753161C3F5B00CA2C57 /* CTPitchTracker.m in Sources */ = {isa = PBXBuildFile; fileRef = 77531752161C3F5B00CA2C57 /* CTPitchTracker.m */; };
		7753176D161C6F0A00CA2C57 /* CADebugMacros.cpp in Sources */ = {isa = PBXBuildFile; fileRef = 77531766161C6F0A00CA2C57 /* CADebugMacros.cpp */; };
		7753176E161C6F0A00CA2C57 /* CAStreamBasicDescription.cpp in Sources */ = {isa = PBXBuildFile; fileRef = 77531769161C6F0A00CA2C57 /* CAStreamBasicDescription.cpp */; settings = {COMPILER_FLAGS = "-Wno-deprecated-declarations"; }; };
		7753176F161C6F0A00CA2C57 /* CAXException.cpp in Sources */ = {isa = PBXBuildFile; fileRef = 7753176B161C6F0A00CA2C57 /* CAXException.cpp */; };
		77531772161C713500CA2C57 /* CADebugPrintf.cpp in Sources */ = {isa = PBXBuildFile; fileRef = 77531770161C713500CA2C57 /* CADebugPrintf.cpp */; };
		777F33241BE3C09600A1AD01 /* Launch Screen.storyboard in Resources */ = {isa = PBXBuildFile; fileRef = 777F33231BE3C09500A1AD01 /* Launch Screen.storyboard */; };
		777F33261BE3C0BA00A1AD01 /* Images.xcassets in Resources */ = {isa = PBXBuildFile; fileRef = 777F33251BE3C0BA00A1AD01 /* Images.xcassets */; };
		777F332F1BE3CB3A00A1AD01 /* CTViewController.m in Sources */ = {isa = PBXBuildFile; fileRef = 777F332E1BE3CB3A00A1AD01 /* CTViewController.m */; };
		779720CB14EDDCBE00A0494D /* AudioToolbox.framework in Frameworks */ = {isa = PBXBuildFile; fileRef = 779720CA14EDDCBD00A0494D /* AudioToolbox.framework */; };
/* End PBXBuildFile section */

/* Begin PBXFileReference section */
		770B6FB014E004880092DAEC /* Chrotun.app */ = {isa = PBXFileReference; explicitFileType = wrapper.application; includeInIndex = 0; path = Chrotun.app; sourceTree = BUILT_PRODUCTS_DIR; };
		770B6FB414E004880092DAEC /* UIKit.framework */ = {isa = PBXFileReference; lastKnownFileType = wrapper.framework; name = UIKit.framework; path = System/Library/Frameworks/UIKit.framework; sourceTree = SDKROOT; };
		770B6FB614E004880092DAEC /* Foundation.framework */ = {isa = PBXFileReference; lastKnownFileType = wrapper.framework; name = Foundation.framework; path = System/Library/Frameworks/Foundation.framework; sourceTree = SDKROOT; };
		770B6FBC14E004880092DAEC /* Chrotun-Info.plist */ = {isa = PBXFileReference; lastKnownFileType = text.plist.xml; path = "Chrotun-Info.plist"; sourceTree = "<group>"; };
		770B6FBE14E004880092DAEC /* en */ = {isa = PBXFileReference; lastKnownFileType = text.plist.strings; name = en; path = en.lproj/InfoPlist.strings; sourceTree = "<group>"; };
		770B6FC014E004880092DAEC /* main.m */ = {isa = PBXFileReference; lastKnownFileType = sourcecode.c.objc; path = main.m; sourceTree = "<group>"; };
		770B6FC214E004880092DAEC /* Chrotun-Prefix.pch */ = {isa = PBXFileReference; lastKnownFileType = sourcecode.c.h; path = "Chrotun-Prefix.pch"; sourceTree = "<group>"; };
		770B6FC314E004880092DAEC /* CTAppDelegate.h */ = {isa = PBXFileReference; lastKnownFileType = sourcecode.c.h; path = CTAppDelegate.h; sourceTree = "<group>"; };
		770B6FC414E004880092DAEC /* CTAppDelegate.m */ = {isa = PBXFileReference; lastKnownFileType = sourcecode.c.objc; path = CTAppDelegate.m; sourceTree = "<group>"; };
		770B6FC714E004880092DAEC /* en */ = {isa = PBXFileReference; lastKnownFileType = file.storyboard; name = en; path = en.lproj/Main.storyboard; sourceTree = "<group>"; };
		7713A3F9162470DD0033C735 /* dywapitchtrack.c */ = {isa = PBXFileReference; fileEncoding = 4; lastKnownFileType = sourcecode.c.c; name = dywapitchtrack.c; path = Vendor/dywapitchtrack/dywapitchtrack.c; sourceTree = "<group>"; };
		7713A3FA162470DD0033C735 /* dywapitchtrack.h */ = {isa = PBXFileReference; fileEncoding = 4; lastKnownFileType = sourcecode.c.h; name = dywapitchtrack.h; path = Vendor/dywapitchtrack/dywapitchtrack.h; sourceTree = "<group>"; };
		7713A3FC162471EF0033C735 /* Accelerate.framework */ = {isa = PBXFileReference; lastKnownFileType = wrapper.framework; name = Accelerate.framework; path = System/Library/Frameworks/Accelerate.framework; sourceTree = SDKROOT; };
		77531751161C3F5B00CA2C57 /* CTPitchTracker.h */ = {isa = PBXFileReference; fileEncoding = 4; lastKnownFileType = sourcecode.c.h; name = CTPitchTracker.h; path = Model/CTPitchTracker.h; sourceTree = "<group>"; };
		77531752161C3F5B00CA2C57 /* CTPitchTracker.m */ = {isa = PBXFileReference; fileEncoding = 4; lastKnownFileType = sourcecode.c.objc; name = CTPitchTracker.m; path = Model/CTPitchTracker.m; sourceTree = "<group>"; };
		77531766161C6F0A00CA2C57 /* CADebugMacros.cpp */ = {isa = PBXFileReference; fileEncoding = 4; lastKnownFileType = sourcecode.cpp.cpp; name = CADebugMacros.cpp; path = ../../Chrotun/Vendor/iPublicUtility/CADebugMacros.cpp; sourceTree = "<group>"; };
		77531767161C6F0A00CA2C57 /* CADebugMacros.h */ = {isa = PBXFileReference; fileEncoding = 4; lastKnownFileType = sourcecode.c.h; name = CADebugMacros.h; path = ../../Chrotun/Vendor/iPublicUtility/CADebugMacros.h; sourceTree = "<group>"; };
		77531768161C6F0A00CA2C57 /* CAMath.h */ = {isa = PBXFileReference; fileEncoding = 4; lastKnownFileType = sourcecode.c.h; name = CAMath.h; path = ../../Chrotun/Vendor/iPublicUtility/CAMath.h; sourceTree = "<group>"; };
		77531769161C6F0A00CA2C57 /* CAStreamBasicDescription.cpp */ = {isa = PBXFileReference; fileEncoding = 4; lastKnownFileType = sourcecode.cpp.cpp; name = CAStreamBasicDescription.cpp; path = ../../Chrotun/Vendor/iPublicUtility/CAStreamBasicDescription.cpp; sourceTree = "<group>"; };
		7753176A161C6F0A00CA2C57 /* CAStreamBasicDescription.h */ = {isa = PBXFileReference; fileEncoding = 4; lastKnownFileType = sourcecode.c.h; name = CAStreamBasicDescription.h; path = ../../Chrotun/Vendor/iPublicUtility/CAStreamBasicDescription.h; sourceTree = "<group>"; };
		7753176B161C6F0A00CA2C57 /* CAXException.cpp */ = {isa = PBXFileReference; fileEncoding = 4; lastKnownFileType = sourcecode.cpp.cpp; name = CAXException.cpp; path = ../../Chrotun/Vendor/iPublicUtility/CAXException.cpp; sourceTree = "<group>"; };
		7753176C161C6F0A00CA2C57 /* CAXException.h */ = {isa = PBXFileReference; fileEncoding = 4; lastKnownFileType = sourcecode.c.h; name = CAXException.h; path = ../../Chrotun/Vendor/iPublicUtility/CAXException.h; sourceTree = "<group>"; };
		77531770161C713500CA2C57 /* CADebugPrintf.cpp */ = {isa = PBXFileReference; fileEncoding = 4; lastKnownFileType = sourcecode.cpp.cpp; name = CADebugPrintf.cpp; path = ../../Chrotun/Vendor/iPublicUtility/CADebugPrintf.cpp; sourceTree = "<group>"; };
		77531771161C713500CA2C57 /* CADebugPrintf.h */ = {isa = PBXFileReference; fileEncoding = 4; lastKnownFileType = sourcecode.c.h; name = CADebugPrintf.h; path = ../../Chrotun/Vendor/iPublicUtility/CADebugPrintf.h; sourceTree = "<group>"; };
		777F33231BE3C09500A1AD01 /* Launch Screen.storyboard */ = {isa = PBXFileReference; fileEncoding = 4; lastKnownFileType = file.storyboard; path = "Launch Screen.storyboard"; sourceTree = "<group>"; };
		777F33251BE3C0BA00A1AD01 /* Images.xcassets */ = {isa = PBXFileReference; lastKnownFileType = folder.assetcatalog; path = Images.xcassets; sourceTree = "<group>"; };
		777F332D1BE3CB3A00A1AD01 /* CTViewController.h */ = {isa = PBXFileReference; fileEncoding = 4; lastKnownFileType = sourcecode.c.h; name = CTViewController.h; path = ViewControllers/CTViewController.h; sourceTree = "<group>"; };
		777F332E1BE3CB3A00A1AD01 /* CTViewController.m */ = {isa = PBXFileReference; fileEncoding = 4; lastKnownFileType = sourcecode.c.objc; name = CTViewController.m; path = ViewControllers/CTViewController.m; sourceTree = "<group>"; };
		779720CA14EDDCBD00A0494D /* AudioToolbox.framework */ = {isa = PBXFileReference; lastKnownFileType = wrapper.framework; name = AudioToolbox.framework; path = System/Library/Frameworks/AudioToolbox.framework; sourceTree = SDKROOT; };
/* End PBXFileReference section */

/* Begin PBXFrameworksBuildPhase section */
		770B6FAD14E004880092DAEC /* Frameworks */ = {
			isa = PBXFrameworksBuildPhase;
			buildActionMask = 2147483647;
			files = (
				7713A3FD162471EF0033C735 /* Accelerate.framework in Frameworks */,
				779720CB14EDDCBE00A0494D /* AudioToolbox.framework in Frameworks */,
				770B6FB514E004880092DAEC /* UIKit.framework in Frameworks */,
				770B6FB714E004880092DAEC /* Foundation.framework in Frameworks */,
			);
			runOnlyForDeploymentPostprocessing = 0;
		};
/* End PBXFrameworksBuildPhase section */

/* Begin PBXGroup section */
		770B6FA514E004880092DAEC = {
			isa = PBXGroup;
			children = (
				770B6FBA14E004880092DAEC /* Chrotun */,
				770B6FB314E004880092DAEC /* Frameworks */,
				770B6FB114E004880092DAEC /* Products */,
			);
			sourceTree = "<group>";
		};
		770B6FB114E004880092DAEC /* Products */ = {
			isa = PBXGroup;
			children = (
				770B6FB014E004880092DAEC /* Chrotun.app */,
			);
			name = Products;
			sourceTree = "<group>";
		};
		770B6FB314E004880092DAEC /* Frameworks */ = {
			isa = PBXGroup;
			children = (
				7713A3FC162471EF0033C735 /* Accelerate.framework */,
				779720CA14EDDCBD00A0494D /* AudioToolbox.framework */,
				770B6FB414E004880092DAEC /* UIKit.framework */,
				770B6FB614E004880092DAEC /* Foundation.framework */,
			);
			name = Frameworks;
			sourceTree = "<group>";
		};
		770B6FBA14E004880092DAEC /* Chrotun */ = {
			isa = PBXGroup;
			children = (
				777F33291BE3C85B00A1AD01 /* Views and assets */,
				777F332B1BE3C87900A1AD01 /* ViewControllers */,
				777F332A1BE3C86800A1AD01 /* Model */,
				777F33271BE3C82F00A1AD01 /* Vendor */,
				770B6FBB14E004880092DAEC /* Supporting Files */,
			);
			path = Chrotun;
			sourceTree = "<group>";
		};
		770B6FBB14E004880092DAEC /* Supporting Files */ = {
			isa = PBXGroup;
			children = (
				770B6FC314E004880092DAEC /* CTAppDelegate.h */,
				770B6FC414E004880092DAEC /* CTAppDelegate.m */,
				770B6FBC14E004880092DAEC /* Chrotun-Info.plist */,
				770B6FBD14E004880092DAEC /* InfoPlist.strings */,
				770B6FC014E004880092DAEC /* main.m */,
				770B6FC214E004880092DAEC /* Chrotun-Prefix.pch */,
			);
			name = "Supporting Files";
			sourceTree = "<group>";
		};
		77531765161C6F0A00CA2C57 /* iPublicUtility */ = {
			isa = PBXGroup;
			children = (
				77531770161C713500CA2C57 /* CADebugPrintf.cpp */,
				77531771161C713500CA2C57 /* CADebugPrintf.h */,
				77531766161C6F0A00CA2C57 /* CADebugMacros.cpp */,
				77531767161C6F0A00CA2C57 /* CADebugMacros.h */,
				77531768161C6F0A00CA2C57 /* CAMath.h */,
				77531769161C6F0A00CA2C57 /* CAStreamBasicDescription.cpp */,
				7753176A161C6F0A00CA2C57 /* CAStreamBasicDescription.h */,
				7753176B161C6F0A00CA2C57 /* CAXException.cpp */,
				7753176C161C6F0A00CA2C57 /* CAXException.h */,
			);
			name = iPublicUtility;
			path = ../Vendor/iPublicUtility;
			sourceTree = "<group>";
		};
		777F33271BE3C82F00A1AD01 /* Vendor */ = {
			isa = PBXGroup;
			children = (
				77531765161C6F0A00CA2C57 /* iPublicUtility */,
				777F33281BE3C83600A1AD01 /* dywapitchtrack */,
			);
			name = Vendor;
			sourceTree = "<group>";
		};
		777F33281BE3C83600A1AD01 /* dywapitchtrack */ = {
			isa = PBXGroup;
			children = (
				7713A3FA162470DD0033C735 /* dywapitchtrack.h */,
				7713A3F9162470DD0033C735 /* dywapitchtrack.c */,
			);
			name = dywapitchtrack;
			sourceTree = "<group>";
		};
		777F33291BE3C85B00A1AD01 /* Views and assets */ = {
			isa = PBXGroup;
			children = (
				770B6FC614E004880092DAEC /* Main.storyboard */,
				777F33231BE3C09500A1AD01 /* Launch Screen.storyboard */,
				777F33251BE3C0BA00A1AD01 /* Images.xcassets */,
			);
			name = "Views and assets";
			sourceTree = "<group>";
		};
		777F332A1BE3C86800A1AD01 /* Model */ = {
			isa = PBXGroup;
			children = (
				77531751161C3F5B00CA2C57 /* CTPitchTracker.h */,
				77531752161C3F5B00CA2C57 /* CTPitchTracker.m */,
			);
			name = Model;
			sourceTree = "<group>";
		};
		777F332B1BE3C87900A1AD01 /* ViewControllers */ = {
			isa = PBXGroup;
			children = (
				777F332D1BE3CB3A00A1AD01 /* CTViewController.h */,
				777F332E1BE3CB3A00A1AD01 /* CTViewController.m */,
			);
			name = ViewControllers;
			sourceTree = "<group>";
		};
/* End PBXGroup section */

/* Begin PBXNativeTarget section */
		770B6FAF14E004880092DAEC /* Chrotun */ = {
			isa = PBXNativeTarget;
			buildConfigurationList = 770B6FD114E004880092DAEC /* Build configuration list for PBXNativeTarget "Chrotun" */;
			buildPhases = (
				770B6FAC14E004880092DAEC /* Sources */,
				770B6FAD14E004880092DAEC /* Frameworks */,
				770B6FAE14E004880092DAEC /* Resources */,
			);
			buildRules = (
			);
			dependencies = (
			);
			name = Chrotun;
			productName = Chrotun;
			productReference = 770B6FB014E004880092DAEC /* Chrotun.app */;
			productType = "com.apple.product-type.application";
		};
/* End PBXNativeTarget section */

/* Begin PBXProject section */
		770B6FA714E004880092DAEC /* Project object */ = {
			isa = PBXProject;
			attributes = {
				LastUpgradeCheck = 0710;
			};
			buildConfigurationList = 770B6FAA14E004880092DAEC /* Build configuration list for PBXProject "Chrotun" */;
			compatibilityVersion = "Xcode 3.2";
			developmentRegion = English;
			hasScannedForEncodings = 0;
			knownRegions = (
				en,
			);
			mainGroup = 770B6FA514E004880092DAEC;
			productRefGroup = 770B6FB114E004880092DAEC /* Products */;
			projectDirPath = "";
			projectRoot = "";
			targets = (
				770B6FAF14E004880092DAEC /* Chrotun */,
			);
		};
/* End PBXProject section */

/* Begin PBXResourcesBuildPhase section */
		770B6FAE14E004880092DAEC /* Resources */ = {
			isa = PBXResourcesBuildPhase;
			buildActionMask = 2147483647;
			files = (
				777F33241BE3C09600A1AD01 /* Launch Screen.storyboard in Resources */,
				777F33261BE3C0BA00A1AD01 /* Images.xcassets in Resources */,
				770B6FBF14E004880092DAEC /* InfoPlist.strings in Resources */,
				770B6FC814E004880092DAEC /* Main.storyboard in Resources */,
			);
			runOnlyForDeploymentPostprocessing = 0;
		};
/* End PBXResourcesBuildPhase section */

/* Begin PBXSourcesBuildPhase section */
		770B6FAC14E004880092DAEC /* Sources */ = {
			isa = PBXSourcesBuildPhase;
			buildActionMask = 2147483647;
			files = (
				770B6FC114E004880092DAEC /* main.m in Sources */,
				770B6FC514E004880092DAEC /* CTAppDelegate.m in Sources */,
				77531753161C3F5B00CA2C57 /* CTPitchTracker.m in Sources */,
				7753176D161C6F0A00CA2C57 /* CADebugMacros.cpp in Sources */,
				7753176E161C6F0A00CA2C57 /* CAStreamBasicDescription.cpp in Sources */,
				777F332F1BE3CB3A00A1AD01 /* CTViewController.m in Sources */,
				7753176F161C6F0A00CA2C57 /* CAXException.cpp in Sources */,
				77531772161C713500CA2C57 /* CADebugPrintf.cpp in Sources */,
				7713A3FB162470DD0033C735 /* dywapitchtrack.c in Sources */,
			);
			runOnlyForDeploymentPostprocessing = 0;
		};
/* End PBXSourcesBuildPhase section */

/* Begin PBXVariantGroup section */
		770B6FBD14E004880092DAEC /* InfoPlist.strings */ = {
			isa = PBXVariantGroup;
			children = (
				770B6FBE14E004880092DAEC /* en */,
			);
			name = InfoPlist.strings;
			sourceTree = "<group>";
		};
		770B6FC614E004880092DAEC /* Main.storyboard */ = {
			isa = PBXVariantGroup;
			children = (
				770B6FC714E004880092DAEC /* en */,
			);
			name = Main.storyboard;
			sourceTree = "<group>";
		};
/* End PBXVariantGroup section */

/* Begin XCBuildConfiguration section */
		770B6FCF14E004880092DAEC /* Debug */ = {
			isa = XCBuildConfiguration;
			buildSettings = {
				ALWAYS_SEARCH_USER_PATHS = NO;
				CLANG_ENABLE_OBJC_ARC = YES;
				"CODE_SIGN_IDENTITY[sdk=iphoneos*]" = "iPhone Developer";
				COPY_PHASE_STRIP = NO;
				ENABLE_TESTABILITY = YES;
				GCC_C_LANGUAGE_STANDARD = gnu99;
				GCC_DYNAMIC_NO_PIC = NO;
				GCC_OPTIMIZATION_LEVEL = 0;
				GCC_PREPROCESSOR_DEFINITIONS = (
					"DEBUG=1",
					"$(inherited)",
				);
				GCC_SYMBOLS_PRIVATE_EXTERN = NO;
				GCC_VERSION = "";
				GCC_WARN_ABOUT_MISSING_PROTOTYPES = YES;
				GCC_WARN_ABOUT_RETURN_TYPE = YES;
				GCC_WARN_UNUSED_VARIABLE = YES;
				IPHONEOS_DEPLOYMENT_TARGET = 8.4;
				ONLY_ACTIVE_ARCH = YES;
				SDKROOT = iphoneos;
				TARGETED_DEVICE_FAMILY = "1,2";
			};
			name = Debug;
		};
		770B6FD014E004880092DAEC /* Release */ = {
			isa = XCBuildConfiguration;
			buildSettings = {
				ALWAYS_SEARCH_USER_PATHS = NO;
				CLANG_ENABLE_OBJC_ARC = YES;
				"CODE_SIGN_IDENTITY[sdk=iphoneos*]" = "iPhone Developer";
				COPY_PHASE_STRIP = YES;
				GCC_C_LANGUAGE_STANDARD = gnu99;
				GCC_VERSION = "";
				GCC_WARN_ABOUT_MISSING_PROTOTYPES = YES;
				GCC_WARN_ABOUT_RETURN_TYPE = YES;
				GCC_WARN_UNUSED_VARIABLE = YES;
				IPHONEOS_DEPLOYMENT_TARGET = 8.4;
				OTHER_CFLAGS = "-DNS_BLOCK_ASSERTIONS=1";
				SDKROOT = iphoneos;
				TARGETED_DEVICE_FAMILY = "1,2";
				VALIDATE_PRODUCT = YES;
			};
			name = Release;
		};
		770B6FD214E004880092DAEC /* Debug */ = {
			isa = XCBuildConfiguration;
			buildSettings = {
				ASSETCATALOG_COMPILER_APPICON_NAME = AppIcon;
				CODE_SIGN_IDENTITY = "iPhone Developer";
				GCC_PRECOMPILE_PREFIX_HEADER = YES;
				GCC_PREFIX_HEADER = "Chrotun/Chrotun-Prefix.pch";
				HEADER_SEARCH_PATHS = "${SRCROOT}/**";
				INFOPLIST_FILE = "Chrotun/Chrotun-Info.plist";
				LIBRARY_SEARCH_PATHS = (
					"$(inherited)",
					"\"$(SRCROOT)\"",
				);
				OTHER_CFLAGS = (
					"-x",
					"objective-c++",
				);
				PRODUCT_BUNDLE_IDENTIFIER = "com.romopro.${PRODUCT_NAME:rfc1034identifier}";
				PRODUCT_NAME = "$(TARGET_NAME)";
				PROVISIONING_PROFILE = "";
				TARGETED_DEVICE_FAMILY = 1;
				USER_HEADER_SEARCH_PATHS = "";
				WRAPPER_EXTENSION = app;
			};
			name = Debug;
		};
		770B6FD314E004880092DAEC /* Release */ = {
			isa = XCBuildConfiguration;
			buildSettings = {
				ASSETCATALOG_COMPILER_APPICON_NAME = AppIcon;
				CODE_SIGN_IDENTITY = "iPhone Distribution";
				"CODE_SIGN_IDENTITY[sdk=iphoneos*]" = "iPhone Distribution";
				GCC_PRECOMPILE_PREFIX_HEADER = YES;
				GCC_PREFIX_HEADER = "Chrotun/Chrotun-Prefix.pch";
				HEADER_SEARCH_PATHS = "${SRCROOT}/**";
				INFOPLIST_FILE = "Chrotun/Chrotun-Info.plist";
				LIBRARY_SEARCH_PATHS = (
					"$(inherited)",
					"\"$(SRCROOT)\"",
				);
				OTHER_CFLAGS = (
					"-x",
					"objective-c++",
				);
				PRODUCT_BUNDLE_IDENTIFIER = "com.romopro.${PRODUCT_NAME:rfc1034identifier}";
				PRODUCT_NAME = "$(TARGET_NAME)";
				PROVISIONING_PROFILE = "";
				"PROVISIONING_PROFILE[sdk=iphoneos*]" = "";
				TARGETED_DEVICE_FAMILY = 1;
				USER_HEADER_SEARCH_PATHS = "";
				WRAPPER_EXTENSION = app;
			};
			name = Release;
		};
		7716B1A214F3B74A0028CC9E /* Ad hoc */ = {
			isa = XCBuildConfiguration;
			buildSettings = {
				ALWAYS_SEARCH_USER_PATHS = NO;
				CLANG_ENABLE_OBJC_ARC = YES;
				"CODE_SIGN_IDENTITY[sdk=iphoneos*]" = "iPhone Developer";
				COPY_PHASE_STRIP = YES;
				GCC_C_LANGUAGE_STANDARD = gnu99;
				GCC_VERSION = "";
				GCC_WARN_ABOUT_MISSING_PROTOTYPES = YES;
				GCC_WARN_ABOUT_RETURN_TYPE = YES;
				GCC_WARN_UNUSED_VARIABLE = YES;
				IPHONEOS_DEPLOYMENT_TARGET = 8.4;
				OTHER_CFLAGS = "-DNS_BLOCK_ASSERTIONS=1";
				SDKROOT = iphoneos;
				TARGETED_DEVICE_FAMILY = "1,2";
				VALIDATE_PRODUCT = YES;
			};
			name = "Ad hoc";
		};
		7716B1A314F3B74A0028CC9E /* Ad hoc */ = {
			isa = XCBuildConfiguration;
			buildSettings = {
				ASSETCATALOG_COMPILER_APPICON_NAME = AppIcon;
				CODE_SIGN_IDENTITY = "iPhone Distribution";
				"CODE_SIGN_IDENTITY[sdk=iphoneos*]" = "iPhone Distribution";
				GCC_PRECOMPILE_PREFIX_HEADER = YES;
				GCC_PREFIX_HEADER = "Chrotun/Chrotun-Prefix.pch";
				HEADER_SEARCH_PATHS = "${SRCROOT}/**";
				INFOPLIST_FILE = "Chrotun/Chrotun-Info.plist";
				LIBRARY_SEARCH_PATHS = (
					"$(inherited)",
					"\"$(SRCROOT)\"",
				);
				OTHER_CFLAGS = (
					"-x",
					"objective-c++",
				);
				PRODUCT_BUNDLE_IDENTIFIER = "com.romopro.${PRODUCT_NAME:rfc1034identifier}";
				PRODUCT_NAME = "$(TARGET_NAME)";
				PROVISIONING_PROFILE = "";
				"PROVISIONING_PROFILE[sdk=iphoneos*]" = "";
				TARGETED_DEVICE_FAMILY = 1;
				USER_HEADER_SEARCH_PATHS = "";
				WRAPPER_EXTENSION = app;
			};
			name = "Ad hoc";
		};
/* End XCBuildConfiguration section */

/* Begin XCConfigurationList section */
		770B6FAA14E004880092DAEC /* Build configuration list for PBXProject "Chrotun" */ = {
			isa = XCConfigurationList;
			buildConfigurations = (
				770B6FCF14E004880092DAEC /* Debug */,
				770B6FD014E004880092DAEC /* Release */,
				7716B1A214F3B74A0028CC9E /* Ad hoc */,
			);
			defaultConfigurationIsVisible = 0;
			defaultConfigurationName = Release;
		};
		770B6FD114E004880092DAEC /* Build configuration list for PBXNativeTarget "Chrotun" */ = {
			isa = XCConfigurationList;
			buildConfigurations = (
				770B6FD214E004880092DAEC /* Debug */,
				770B6FD314E004880092DAEC /* Release */,
				7716B1A314F3B74A0028CC9E /* Ad hoc */,
			);
			defaultConfigurationIsVisible = 0;
			defaultConfigurationName = Release;
		};
/* End XCConfigurationList section */
	};
	rootObject = 770B6FA714E004880092DAEC /* Project object */;
}
